
Microsoft Visual Studio Solution File, Format Version 12.00
# Visual Studio Version 17
VisualStudioVersion = 17.5.33414.496
MinimumVisualStudioVersion = 10.0.40219.1
Project("{54A90642-561A-4BB1-A94E-469ADEE60C69}") = "WorldWeather", "WorldWeather\WorldWeather.esproj", "{2CFDD13D-8C53-4F90-A42B-DC8C7FB0026E}"
EndProject
Global
	GlobalSection(SolutionConfigurationPlatforms) = preSolution
		Debug|Any CPU = Debug|Any CPU
		Release|Any CPU = Release|Any CPU
	EndGlobalSection
	GlobalSection(ProjectConfigurationPlatforms) = postSolution
		{2CFDD13D-8C53-4F90-A42B-DC8C7FB0026E}.Debug|Any CPU.ActiveCfg = Debug|Any CPU
		{2CFDD13D-8C53-4F90-A42B-DC8C7FB0026E}.Debug|Any CPU.Build.0 = Debug|Any CPU
		{2CFDD13D-8C53-4F90-A42B-DC8C7FB0026E}.Debug|Any CPU.Deploy.0 = Debug|Any CPU
		{2CFDD13D-8C53-4F90-A42B-DC8C7FB0026E}.Release|Any CPU.ActiveCfg = Release|Any CPU
		{2CFDD13D-8C53-4F90-A42B-DC8C7FB0026E}.Release|Any CPU.Build.0 = Release|Any CPU
		{2CFDD13D-8C53-4F90-A42B-DC8C7FB0026E}.Release|Any CPU.Deploy.0 = Release|Any CPU
	EndGlobalSection
	GlobalSection(SolutionProperties) = preSolution
		HideSolutionNode = FALSE
	EndGlobalSection
	GlobalSection(ExtensibilityGlobals) = postSolution
		SolutionGuid = {BBAFE823-40B0-46F1-97A8-E7FB9082DF3A}
	EndGlobalSection
EndGlobal
